github.com/chriso345/clifford v0.0.0-20251220131933-7048612e614d h1:IAjnReGiDe0/DaH1G3SW8PslifmbLa2/5AqXJGthEno=
github.com/chriso345/clifford v0.0.0-20251220131933-7048612e614d/go.mod h1:ZgKYxOSKjTgdJVJdaoBCu+gnK/FVt4c406OrkVIhXfw=
github.com/chriso345/gore v0.0.6 h1:hMf9c9U7OeUZYcxsiJ3ihbP2z0MVu41yWWIQsWpbRGk=
github.com/chriso345/gore v0.0.6/go.mod h1:Fv/xn9j30WYPNiqOtgKRSH6KYl0wIF1ri1zExGmck/I=
gonum.org/v1/gonum v0.16.0 h1:5+ul4Swaf3ESvrOnidPp4GZbzf0mxVQpDCYUQE7OJfk=
gonum.org/v1/gonum v0.16.0/go.mod h1:fef3am4MQ93R2HHpKnLk4/Tbh/s0+wqD5nfa6Pnwy4E=
